
Microsoft Visual Studio Solution File, Format Version 12.00
# Visual Studio Version 16
VisualStudioVersion = 16.0.30503.244
MinimumVisualStudioVersion = 10.0.40219.1
Project("{8BC9CEB8-8B4A-11D0-8D11-00A0C91BC942}") = "KindOfAPongClone", "KindOfAPongClone.vcxproj", "{AC96F486-8193-4B08-82C1-FE9C0ADBEFCE}"
EndProject
Global
	GlobalSection(SolutionConfigurationPlatforms) = preSolution
		Debug|x64 = Debug|x64
		Debug|x86 = Debug|x86
		Release|x64 = Release|x64
		Release|x86 = Release|x86
	EndGlobalSection
	GlobalSection(ProjectConfigurationPlatforms) = postSolution
		{AC96F486-8193-4B08-82C1-FE9C0ADBEFCE}.Debug|x64.ActiveCfg = Debug|x64
		{AC96F486-8193-4B08-82C1-FE9C0ADBEFCE}.Debug|x64.Build.0 = Debug|x64
		{AC96F486-8193-4B08-82C1-FE9C0ADBEFCE}.Debug|x86.ActiveCfg = Debug|Win32
		{AC96F486-8193-4B08-82C1-FE9C0ADBEFCE}.Debug|x86.Build.0 = Debug|Win32
		{AC96F486-8193-4B08-82C1-FE9C0ADBEFCE}.Release|x64.ActiveCfg = Release|x64
		{AC96F486-8193-4B08-82C1-FE9C0ADBEFCE}.Release|x64.Build.0 = Release|x64
		{AC96F486-8193-4B08-82C1-FE9C0ADBEFCE}.Release|x86.ActiveCfg = Release|Win32
		{AC96F486-8193-4B08-82C1-FE9C0ADBEFCE}.Release|x86.Build.0 = Release|Win32
	EndGlobalSection
	GlobalSection(SolutionProperties) = preSolution
		HideSolutionNode = FALSE
	EndGlobalSection
	GlobalSection(ExtensibilityGlobals) = postSolution
		SolutionGuid = {772185C8-CB44-4804-9163-96BDCA42F67F}
	EndGlobalSection
EndGlobal
